# This file is autogenerated, do not edit; changes may be undone by the next 'dep ensure'.


[[projects]]
  digest = "1:ec4e760598c731fe737e636574c85977253e1a9c47d61f49e174763383287c3e"
  name = "github.com/mitsuse/pushbullet-go"
  packages = [
    ".",
    "requests",
    "responses",
  ]
  pruneopts = "UT"
  revision = "5a1d8dd906e1c219bc93570340a0c76239a99dba"
  version = "v0.1.0"

[[projects]]
  branch = "master"
  digest = "1:c89853e0581e99bd299bf801fa09b845fb57c40fcb03e2ba5d2bc3e98a10f698"
  name = "github.com/sparrc/go-ping"
  packages = ["."]
  pruneopts = "UT"
  revision = "4e5b6552494c8005c60de6c60b50ebaefc69e592"

[[projects]]
  branch = "master"
  digest = "1:caffb9a4f8c756941de4b3eb577abd167e7fd4b570f2078c05ceb8835a1514cb"
  name = "golang.org/x/net"
  packages = [
    "bpf",
    "icmp",
    "internal/iana",
    "internal/socket",
    "ipv4",
    "ipv6",
  ]
  pruneopts = "UT"
  revision = "da137c7871d730100384dbcf36e6f8fa493aef5b"

[[projects]]
  branch = "master"
  digest = "1:afb5346f71acefc3da7ad800f952cb2bcdb762194b05304bbf54d7f9490e31c5"
  name = "golang.org/x/sys"
  packages = [
    "unix",
    "windows",
  ]
  pruneopts = "UT"
  revision = "04f50cda93cbb67f2afa353c52f342100e80e625"

[solve-meta]
  analyzer-name = "dep"
  analyzer-version = 1
  input-imports = [
    "github.com/mitsuse/pushbullet-go",
    "github.com/sparrc/go-ping",
  ]
  solver-name = "gps-cdcl"
  solver-version = 1
